
Microsoft Visual Studio Solution File, Format Version 12.00
# Visual Studio Version 17
VisualStudioVersion = 17.5.33516.290
MinimumVisualStudioVersion = 10.0.40219.1
Project("{9A19103F-16F7-4668-BE54-9A1E7A4F7556}") = "LinkedList", "LinkedList\LinkedList.csproj", "{52899E3B-12C3-43E8-AA75-0B15B4BC6D12}"
EndProject
Project("{9A19103F-16F7-4668-BE54-9A1E7A4F7556}") = "03_List", "03_List\03_List.csproj", "{EA4B7823-9B28-424B-992A-E09809906236}"
EndProject
Project("{9A19103F-16F7-4668-BE54-9A1E7A4F7556}") = "04_Stack", "04_Stack\04_Stack.csproj", "{5911B6B6-6F06-45D9-8EAD-947FDB85BE15}"
EndProject
Project("{9A19103F-16F7-4668-BE54-9A1E7A4F7556}") = "05_Queue", "05_Queue\05_Queue.csproj", "{C44F7FF3-689E-4838-A20F-BF0529A98C6F}"
EndProject
Project("{9A19103F-16F7-4668-BE54-9A1E7A4F7556}") = "06_PriorityQueue", "06_PriorityQueue\06_PriorityQueue.csproj", "{8815F556-0FD7-4654-8CC2-9D138C6DE476}"
EndProject
Project("{9A19103F-16F7-4668-BE54-9A1E7A4F7556}") = "07_BinarySearchTree", "07_BinarySearchTree\07_BinarySearchTree.csproj", "{289AB83D-4BDF-40F0-9B4E-2BB47172FEF7}"
EndProject
Project("{9A19103F-16F7-4668-BE54-9A1E7A4F7556}") = "08_HashTable", "08_HashTable\08_HashTable.csproj", "{A5326545-9CB1-4562-AA59-093F0CBE8306}"
EndProject
Project("{9A19103F-16F7-4668-BE54-9A1E7A4F7556}") = "09_DesignTechnique", "09_DesignTechnique\09_DesignTechnique.csproj", "{51157D88-2BF9-4176-ACD9-76A1DD067369}"
EndProject
Project("{9A19103F-16F7-4668-BE54-9A1E7A4F7556}") = "10_Sort", "10_Sort\10_Sort.csproj", "{293C802A-14FB-4D28-9A3C-8EACCB8B5F60}"
EndProject
Project("{9A19103F-16F7-4668-BE54-9A1E7A4F7556}") = "11_searching", "11_searching\11_searching.csproj", "{6A1BDF7F-94EB-42DE-80D8-41F9694498FA}"
EndProject
Project("{FAE04EC0-301F-11D3-BF4B-00C04F79EFBC}") = "12_ShortestPath", "12_ShortestPath\12_ShortestPath.csproj", "{A98A1C94-D160-4772-A2F2-3ED21E64F2C6}"
EndProject
Global
	GlobalSection(SolutionConfigurationPlatforms) = preSolution
		Debug|Any CPU = Debug|Any CPU
		Release|Any CPU = Release|Any CPU
	EndGlobalSection
	GlobalSection(ProjectConfigurationPlatforms) = postSolution
		{52899E3B-12C3-43E8-AA75-0B15B4BC6D12}.Debug|Any CPU.ActiveCfg = Debug|Any CPU
		{52899E3B-12C3-43E8-AA75-0B15B4BC6D12}.Debug|Any CPU.Build.0 = Debug|Any CPU
		{52899E3B-12C3-43E8-AA75-0B15B4BC6D12}.Release|Any CPU.ActiveCfg = Release|Any CPU
		{52899E3B-12C3-43E8-AA75-0B15B4BC6D12}.Release|Any CPU.Build.0 = Release|Any CPU
		{EA4B7823-9B28-424B-992A-E09809906236}.Debug|Any CPU.ActiveCfg = Debug|Any CPU
		{EA4B7823-9B28-424B-992A-E09809906236}.Debug|Any CPU.Build.0 = Debug|Any CPU
		{EA4B7823-9B28-424B-992A-E09809906236}.Release|Any CPU.ActiveCfg = Release|Any CPU
		{EA4B7823-9B28-424B-992A-E09809906236}.Release|Any CPU.Build.0 = Release|Any CPU
		{5911B6B6-6F06-45D9-8EAD-947FDB85BE15}.Debug|Any CPU.ActiveCfg = Debug|Any CPU
		{5911B6B6-6F06-45D9-8EAD-947FDB85BE15}.Debug|Any CPU.Build.0 = Debug|Any CPU
		{5911B6B6-6F06-45D9-8EAD-947FDB85BE15}.Release|Any CPU.ActiveCfg = Release|Any CPU
		{5911B6B6-6F06-45D9-8EAD-947FDB85BE15}.Release|Any CPU.Build.0 = Release|Any CPU
		{C44F7FF3-689E-4838-A20F-BF0529A98C6F}.Debug|Any CPU.ActiveCfg = Debug|Any CPU
		{C44F7FF3-689E-4838-A20F-BF0529A98C6F}.Debug|Any CPU.Build.0 = Debug|Any CPU
		{C44F7FF3-689E-4838-A20F-BF0529A98C6F}.Release|Any CPU.ActiveCfg = Release|Any CPU
		{C44F7FF3-689E-4838-A20F-BF0529A98C6F}.Release|Any CPU.Build.0 = Release|Any CPU
		{8815F556-0FD7-4654-8CC2-9D138C6DE476}.Debug|Any CPU.ActiveCfg = Debug|Any CPU
		{8815F556-0FD7-4654-8CC2-9D138C6DE476}.Debug|Any CPU.Build.0 = Debug|Any CPU
		{8815F556-0FD7-4654-8CC2-9D138C6DE476}.Release|Any CPU.ActiveCfg = Release|Any CPU
		{8815F556-0FD7-4654-8CC2-9D138C6DE476}.Release|Any CPU.Build.0 = Release|Any CPU
		{289AB83D-4BDF-40F0-9B4E-2BB47172FEF7}.Debug|Any CPU.ActiveCfg = Debug|Any CPU
		{289AB83D-4BDF-40F0-9B4E-2BB47172FEF7}.Debug|Any CPU.Build.0 = Debug|Any CPU
		{289AB83D-4BDF-40F0-9B4E-2BB47172FEF7}.Release|Any CPU.ActiveCfg = Release|Any CPU
		{289AB83D-4BDF-40F0-9B4E-2BB47172FEF7}.Release|Any CPU.Build.0 = Release|Any CPU
		{A5326545-9CB1-4562-AA59-093F0CBE8306}.Debug|Any CPU.ActiveCfg = Debug|Any CPU
		{A5326545-9CB1-4562-AA59-093F0CBE8306}.Debug|Any CPU.Build.0 = Debug|Any CPU
		{A5326545-9CB1-4562-AA59-093F0CBE8306}.Release|Any CPU.ActiveCfg = Release|Any CPU
		{A5326545-9CB1-4562-AA59-093F0CBE8306}.Release|Any CPU.Build.0 = Release|Any CPU
		{51157D88-2BF9-4176-ACD9-76A1DD067369}.Debug|Any CPU.ActiveCfg = Debug|Any CPU
		{51157D88-2BF9-4176-ACD9-76A1DD067369}.Debug|Any CPU.Build.0 = Debug|Any CPU
		{51157D88-2BF9-4176-ACD9-76A1DD067369}.Release|Any CPU.ActiveCfg = Release|Any CPU
		{51157D88-2BF9-4176-ACD9-76A1DD067369}.Release|Any CPU.Build.0 = Release|Any CPU
		{293C802A-14FB-4D28-9A3C-8EACCB8B5F60}.Debug|Any CPU.ActiveCfg = Debug|Any CPU
		{293C802A-14FB-4D28-9A3C-8EACCB8B5F60}.Debug|Any CPU.Build.0 = Debug|Any CPU
		{293C802A-14FB-4D28-9A3C-8EACCB8B5F60}.Release|Any CPU.ActiveCfg = Release|Any CPU
		{293C802A-14FB-4D28-9A3C-8EACCB8B5F60}.Release|Any CPU.Build.0 = Release|Any CPU
		{6A1BDF7F-94EB-42DE-80D8-41F9694498FA}.Debug|Any CPU.ActiveCfg = Debug|Any CPU
		{6A1BDF7F-94EB-42DE-80D8-41F9694498FA}.Debug|Any CPU.Build.0 = Debug|Any CPU
		{6A1BDF7F-94EB-42DE-80D8-41F9694498FA}.Release|Any CPU.ActiveCfg = Release|Any CPU
		{6A1BDF7F-94EB-42DE-80D8-41F9694498FA}.Release|Any CPU.Build.0 = Release|Any CPU
		{A98A1C94-D160-4772-A2F2-3ED21E64F2C6}.Debug|Any CPU.ActiveCfg = Debug|Any CPU
		{A98A1C94-D160-4772-A2F2-3ED21E64F2C6}.Debug|Any CPU.Build.0 = Debug|Any CPU
		{A98A1C94-D160-4772-A2F2-3ED21E64F2C6}.Release|Any CPU.ActiveCfg = Release|Any CPU
		{A98A1C94-D160-4772-A2F2-3ED21E64F2C6}.Release|Any CPU.Build.0 = Release|Any CPU
	EndGlobalSection
	GlobalSection(SolutionProperties) = preSolution
		HideSolutionNode = FALSE
	EndGlobalSection
	GlobalSection(ExtensibilityGlobals) = postSolution
		SolutionGuid = {E1AE615B-C7AD-4D8D-8640-B6D41E93879F}
	EndGlobalSection
EndGlobal
